{
  "name": "gatsby-source-etsy",
  "version": "0.0.1",
  "lockfileVersion": 1,
  "requires": true,
  "dependencies": {
    "@babel/runtime": {
      "version": "7.5.5",
      "resolved": "https://registry.npmjs.org/@babel/runtime/-/runtime-7.5.5.tgz",
      "integrity": "sha512-28QvEGyQyNkB0/m2B4FU7IEZGK2NUrcMtT6BZEFALTguLk+AUT6ofsHtPk5QyjAdUkpMJ+/Em+quwz4HOt30AQ==",
      "requires": {
        "regenerator-runtime": "^0.13.2"
      }
    },
    "anymatch": {
      "version": "3.1.0",
      "resolved": "https://registry.npmjs.org/anymatch/-/anymatch-3.1.0.tgz",
      "integrity": "sha512-Ozz7l4ixzI7Oxj2+cw+p0tVUt27BpaJ+1+q1TCeANWxHpvyn2+Un+YamBdfKu0uh8xLodGhoa1v7595NhKDAuA==",
      "requires": {
        "normalize-path": "^3.0.0",
        "picomatch": "^2.0.4"
      }
    },
    "better-queue": {
      "version": "3.8.10",
      "resolved": "https://registry.npmjs.org/better-queue/-/better-queue-3.8.10.tgz",
      "integrity": "sha512-e3gwNZgDCnNWl0An0Tz6sUjKDV9m6aB+K9Xg//vYeo8+KiH8pWhLFxkawcXhm6FpM//GfD9IQv/kmvWCAVVpKA==",
      "requires": {
        "better-queue-memory": "^1.0.1",
        "node-eta": "^0.9.0",
        "uuid": "^3.0.0"
      }
    },
    "better-queue-memory": {
      "version": "1.0.4",
      "resolved": "https://registry.npmjs.org/better-queue-memory/-/better-queue-memory-1.0.4.tgz",
      "integrity": "sha512-SWg5wFIShYffEmJpI6LgbL8/3Dqhku7xI1oEiy6FroP9DbcZlG0ZDjxvPdP9t7hTGW40IpIcC6zVoGT1oxjOuA=="
    },
    "binary-extensions": {
      "version": "2.0.0",
      "resolved": "https://registry.npmjs.org/binary-extensions/-/binary-extensions-2.0.0.tgz",
      "integrity": "sha512-Phlt0plgpIIBOGTT/ehfFnbNlfsDEiqmzE2KRXoX1bLIlir4X/MR+zSyBEkL05ffWgnRSf/DXv+WrUAVr93/ow=="
    },
    "bluebird": {
      "version": "3.5.5",
      "resolved": "https://registry.npmjs.org/bluebird/-/bluebird-3.5.5.tgz",
      "integrity": "sha512-5am6HnnfN+urzt4yfg7IgTbotDjIT/u8AJpEt0sIU9FtXfVeezXAPKswrG+xKUCOYAINpSdgZVDU6QFh+cuH3w=="
    },
    "braces": {
      "version": "3.0.2",
      "resolved": "https://registry.npmjs.org/braces/-/braces-3.0.2.tgz",
      "integrity": "sha512-b8um+L1RzM3WDSzvhm6gIz1yfTbBt6YTlcEKAvsmqCZZFw46z626lVj9j1yEPW33H5H+lBQpZMP1k8l+78Ha0A==",
      "requires": {
        "fill-range": "^7.0.1"
      }
    },
    "buffer-alloc": {
      "version": "1.2.0",
      "resolved": "https://registry.npmjs.org/buffer-alloc/-/buffer-alloc-1.2.0.tgz",
      "integrity": "sha512-CFsHQgjtW1UChdXgbyJGtnm+O/uLQeZdtbDo8mfUgYXCHSM1wgrVxXm6bSyrUuErEb+4sYVGCzASBRot7zyrow==",
      "requires": {
        "buffer-alloc-unsafe": "^1.1.0",
        "buffer-fill": "^1.0.0"
      }
    },
    "buffer-alloc-unsafe": {
      "version": "1.1.0",
      "resolved": "https://registry.npmjs.org/buffer-alloc-unsafe/-/buffer-alloc-unsafe-1.1.0.tgz",
      "integrity": "sha512-TEM2iMIEQdJ2yjPJoSIsldnleVaAk1oW3DBVUykyOLsEsFmEc9kn+SFFPz+gl54KQNxlDnAwCXosOS9Okx2xAg=="
    },
    "buffer-fill": {
      "version": "1.0.0",
      "resolved": "https://registry.npmjs.org/buffer-fill/-/buffer-fill-1.0.0.tgz",
      "integrity": "sha1-+PeLdniYiO858gXNY39o5wISKyw="
    },
    "chokidar": {
      "version": "3.0.2",
      "resolved": "https://registry.npmjs.org/chokidar/-/chokidar-3.0.2.tgz",
      "integrity": "sha512-c4PR2egjNjI1um6bamCQ6bUNPDiyofNQruHvKgHQ4gDUP/ITSVSzNsiI5OWtHOsX323i5ha/kk4YmOZ1Ktg7KA==",
      "requires": {
        "anymatch": "^3.0.1",
        "braces": "^3.0.2",
        "fsevents": "^2.0.6",
        "glob-parent": "^5.0.0",
        "is-binary-path": "^2.1.0",
        "is-glob": "^4.0.1",
        "normalize-path": "^3.0.0",
        "readdirp": "^3.1.1"
      }
    },
    "decompress-response": {
      "version": "3.3.0",
      "resolved": "https://registry.npmjs.org/decompress-response/-/decompress-response-3.3.0.tgz",
      "integrity": "sha1-gKTdMjdIOEv6JICDYirt7Jgq3/M=",
      "requires": {
        "mimic-response": "^1.0.0"
      }
    },
    "duplexer3": {
      "version": "0.1.4",
      "resolved": "https://registry.npmjs.org/duplexer3/-/duplexer3-0.1.4.tgz",
      "integrity": "sha1-7gHdHKwO08vH/b6jfcCo8c4ALOI="
    },
    "file-type": {
      "version": "12.2.0",
      "resolved": "https://registry.npmjs.org/file-type/-/file-type-12.2.0.tgz",
      "integrity": "sha512-bkDBeH5doAqP69axEO69OviLlWbrZ10Ne2OPHaxBgG+fyT0w/2zfMzJz21SPwq5Iq0aN70q7RN3KRcdUY427Mg=="
    },
    "fill-range": {
      "version": "7.0.1",
      "resolved": "https://registry.npmjs.org/fill-range/-/fill-range-7.0.1.tgz",
      "integrity": "sha512-qOo9F+dMUmC2Lcb4BbVvnKJxTPjCm+RRpe4gDuGrzkL7mEVl/djYSu2OdQ2Pa302N4oqkSg9ir6jaLWJ2USVpQ==",
      "requires": {
        "to-regex-range": "^5.0.1"
      }
    },
    "fs-extra": {
      "version": "8.1.0",
      "resolved": "https://registry.npmjs.org/fs-extra/-/fs-extra-8.1.0.tgz",
      "integrity": "sha512-yhlQgA6mnOJUKOsRUFsgJdQCvkKhcz8tlZG5HBQfReYZy46OwLcY+Zia0mtdHsOo9y/hP+CxMN0TU9QxoOtG4g==",
      "requires": {
        "graceful-fs": "^4.2.0",
        "jsonfile": "^4.0.0",
        "universalify": "^0.1.0"
      }
    },
    "fsevents": {
      "version": "2.0.7",
      "resolved": "https://registry.npmjs.org/fsevents/-/fsevents-2.0.7.tgz",
      "integrity": "sha512-a7YT0SV3RB+DjYcppwVDLtn13UQnmg0SWZS7ezZD0UjnLwXmy8Zm21GMVGLaFGimIqcvyMQaOJBrop8MyOp1kQ==",
      "optional": true
    },
    "gatsby-core-utils": {
      "version": "1.0.6",
      "resolved": "https://registry.npmjs.org/gatsby-core-utils/-/gatsby-core-utils-1.0.6.tgz",
      "integrity": "sha512-q03XqN9WO6K/9mXfx0p+pUg+cY2W0wYeNKlNPmkMCYdAO7Rht+vb8mLp0bIQOxooz8hf8O4jr00r+H+xlYZ9rg=="
    },
    "gatsby-source-filesystem": {
      "version": "2.1.18",
      "resolved": "https://registry.npmjs.org/gatsby-source-filesystem/-/gatsby-source-filesystem-2.1.18.tgz",
      "integrity": "sha512-+LHqeDsK61F1BKiH1QGUNhZBH33tQVqB/iRw4AfKf/IlhfsJo5TzpzouAQv3aZXVj+5L05MSLmP9negHPGerag==",
      "requires": {
        "@babel/runtime": "^7.5.5",
        "better-queue": "^3.8.10",
        "bluebird": "^3.5.5",
        "chokidar": "3.0.2",
        "file-type": "^12.2.0",
        "fs-extra": "^8.1.0",
        "gatsby-core-utils": "^1.0.6",
        "got": "^7.1.0",
        "md5-file": "^3.2.3",
        "mime": "^2.4.4",
        "pretty-bytes": "^4.0.2",
        "progress": "^2.0.3",
        "read-chunk": "^3.2.0",
        "valid-url": "^1.0.9",
        "xstate": "^3.3.3"
      }
    },
    "get-stream": {
      "version": "3.0.0",
      "resolved": "https://registry.npmjs.org/get-stream/-/get-stream-3.0.0.tgz",
      "integrity": "sha1-jpQ9E1jcN1VQVOy+LtsFqhdO3hQ="
    },
    "glob-parent": {
      "version": "5.0.0",
      "resolved": "https://registry.npmjs.org/glob-parent/-/glob-parent-5.0.0.tgz",
      "integrity": "sha512-Z2RwiujPRGluePM6j699ktJYxmPpJKCfpGA13jz2hmFZC7gKetzrWvg5KN3+OsIFmydGyZ1AVwERCq1w/ZZwRg==",
      "requires": {
        "is-glob": "^4.0.1"
      }
    },
    "got": {
      "version": "7.1.0",
      "resolved": "https://registry.npmjs.org/got/-/got-7.1.0.tgz",
      "integrity": "sha512-Y5WMo7xKKq1muPsxD+KmrR8DH5auG7fBdDVueZwETwV6VytKyU9OX/ddpq2/1hp1vIPvVb4T81dKQz3BivkNLw==",
      "requires": {
        "decompress-response": "^3.2.0",
        "duplexer3": "^0.1.4",
        "get-stream": "^3.0.0",
        "is-plain-obj": "^1.1.0",
        "is-retry-allowed": "^1.0.0",
        "is-stream": "^1.0.0",
        "isurl": "^1.0.0-alpha5",
        "lowercase-keys": "^1.0.0",
        "p-cancelable": "^0.3.0",
        "p-timeout": "^1.1.1",
        "safe-buffer": "^5.0.1",
        "timed-out": "^4.0.0",
        "url-parse-lax": "^1.0.0",
        "url-to-options": "^1.0.1"
      }
    },
    "graceful-fs": {
      "version": "4.2.2",
      "resolved": "https://registry.npmjs.org/graceful-fs/-/graceful-fs-4.2.2.tgz",
      "integrity": "sha512-IItsdsea19BoLC7ELy13q1iJFNmd7ofZH5+X/pJr90/nRoPEX0DJo1dHDbgtYWOhJhcCgMDTOw84RZ72q6lB+Q=="
    },
    "has-symbol-support-x": {
      "version": "1.4.2",
      "resolved": "https://registry.npmjs.org/has-symbol-support-x/-/has-symbol-support-x-1.4.2.tgz",
      "integrity": "sha512-3ToOva++HaW+eCpgqZrCfN51IPB+7bJNVT6CUATzueB5Heb8o6Nam0V3HG5dlDvZU1Gn5QLcbahiKw/XVk5JJw=="
    },
    "has-to-string-tag-x": {
      "version": "1.4.1",
      "resolved": "https://registry.npmjs.org/has-to-string-tag-x/-/has-to-string-tag-x-1.4.1.tgz",
      "integrity": "sha512-vdbKfmw+3LoOYVr+mtxHaX5a96+0f3DljYd8JOqvOLsf5mw2Otda2qCDT9qRqLAhrjyQ0h7ual5nOiASpsGNFw==",
      "requires": {
        "has-symbol-support-x": "^1.4.1"
      }
    },
    "is-binary-path": {
      "version": "2.1.0",
      "resolved": "https://registry.npmjs.org/is-binary-path/-/is-binary-path-2.1.0.tgz",
      "integrity": "sha512-ZMERYes6pDydyuGidse7OsHxtbI7WVeUEozgR/g7rd0xUimYNlvZRE/K2MgZTjWy725IfelLeVcEM97mmtRGXw==",
      "requires": {
        "binary-extensions": "^2.0.0"
      }
    },
    "is-extglob": {
      "version": "2.1.1",
      "resolved": "https://registry.npmjs.org/is-extglob/-/is-extglob-2.1.1.tgz",
      "integrity": "sha1-qIwCU1eR8C7TfHahueqXc8gz+MI="
    },
    "is-glob": {
      "version": "4.0.1",
      "resolved": "https://registry.npmjs.org/is-glob/-/is-glob-4.0.1.tgz",
      "integrity": "sha512-5G0tKtBTFImOqDnLB2hG6Bp2qcKEFduo4tZu9MT/H6NQv/ghhy30o55ufafxJ/LdH79LLs2Kfrn85TLKyA7BUg==",
      "requires": {
        "is-extglob": "^2.1.1"
      }
    },
    "is-number": {
      "version": "7.0.0",
      "resolved": "https://registry.npmjs.org/is-number/-/is-number-7.0.0.tgz",
      "integrity": "sha512-41Cifkg6e8TylSpdtTpeLVMqvSBEVzTttHvERD741+pnZ8ANv0004MRL43QKPDlK9cGvNp6NZWZUBlbGXYxxng=="
    },
    "is-object": {
      "version": "1.0.1",
      "resolved": "https://registry.npmjs.org/is-object/-/is-object-1.0.1.tgz",
      "integrity": "sha1-iVJojF7C/9awPsyF52ngKQMINHA="
    },
    "is-plain-obj": {
      "version": "1.1.0",
      "resolved": "https://registry.npmjs.org/is-plain-obj/-/is-plain-obj-1.1.0.tgz",
      "integrity": "sha1-caUMhCnfync8kqOQpKA7OfzVHT4="
    },
    "is-retry-allowed": {
      "version": "1.1.0",
      "resolved": "https://registry.npmjs.org/is-retry-allowed/-/is-retry-allowed-1.1.0.tgz",
      "integrity": "sha1-EaBgVotnM5REAz0BJaYaINVk+zQ="
    },
    "is-stream": {
      "version": "1.1.0",
      "resolved": "https://registry.npmjs.org/is-stream/-/is-stream-1.1.0.tgz",
      "integrity": "sha1-EtSj3U5o4Lec6428hBc66A2RykQ="
    },
    "isurl": {
      "version": "1.0.0",
      "resolved": "https://registry.npmjs.org/isurl/-/isurl-1.0.0.tgz",
      "integrity": "sha512-1P/yWsxPlDtn7QeRD+ULKQPaIaN6yF368GZ2vDfv0AL0NwpStafjWCDDdn0k8wgFMWpVAqG7oJhxHnlud42i9w==",
      "requires": {
        "has-to-string-tag-x": "^1.2.0",
        "is-object": "^1.0.1"
      }
    },
    "jsonfile": {
      "version": "4.0.0",
      "resolved": "https://registry.npmjs.org/jsonfile/-/jsonfile-4.0.0.tgz",
      "integrity": "sha1-h3Gq4HmbZAdrdmQPygWPnBDjPss=",
      "requires": {
        "graceful-fs": "^4.1.6"
      }
    },
    "lowercase-keys": {
      "version": "1.0.1",
      "resolved": "https://registry.npmjs.org/lowercase-keys/-/lowercase-keys-1.0.1.tgz",
      "integrity": "sha512-G2Lj61tXDnVFFOi8VZds+SoQjtQC3dgokKdDG2mTm1tx4m50NUHBOZSBwQQHyy0V12A0JTG4icfZQH+xPyh8VA=="
    },
    "md5-file": {
      "version": "3.2.3",
      "resolved": "https://registry.npmjs.org/md5-file/-/md5-file-3.2.3.tgz",
      "integrity": "sha512-3Tkp1piAHaworfcCgH0jKbTvj1jWWFgbvh2cXaNCgHwyTCBxxvD1Y04rmfpvdPm1P4oXMOpm6+2H7sr7v9v8Fw==",
      "requires": {
        "buffer-alloc": "^1.1.0"
      }
    },
    "mime": {
      "version": "2.4.4",
      "resolved": "https://registry.npmjs.org/mime/-/mime-2.4.4.tgz",
      "integrity": "sha512-LRxmNwziLPT828z+4YkNzloCFC2YM4wrB99k+AV5ZbEyfGNWfG8SO1FUXLmLDBSo89NrJZ4DIWeLjy1CHGhMGA=="
    },
    "mimic-response": {
      "version": "1.0.1",
      "resolved": "https://registry.npmjs.org/mimic-response/-/mimic-response-1.0.1.tgz",
      "integrity": "sha512-j5EctnkH7amfV/q5Hgmoal1g2QHFJRraOtmx0JpIqkxhBhI/lJSl1nMpQ45hVarwNETOoWEimndZ4QK0RHxuxQ=="
    },
    "node-eta": {
      "version": "0.9.0",
      "resolved": "https://registry.npmjs.org/node-eta/-/node-eta-0.9.0.tgz",
      "integrity": "sha1-n7CwmbzSoCGUDmA8ZCVNwAPZp6g="
    },
    "normalize-path": {
      "version": "3.0.0",
      "resolved": "https://registry.npmjs.org/normalize-path/-/normalize-path-3.0.0.tgz",
      "integrity": "sha512-6eZs5Ls3WtCisHWp9S2GUy8dqkpGi4BVSz3GaqiE6ezub0512ESztXUwUB6C6IKbQkY2Pnb/mD4WYojCRwcwLA=="
    },
    "p-cancelable": {
      "version": "0.3.0",
      "resolved": "https://registry.npmjs.org/p-cancelable/-/p-cancelable-0.3.0.tgz",
      "integrity": "sha512-RVbZPLso8+jFeq1MfNvgXtCRED2raz/dKpacfTNxsx6pLEpEomM7gah6VeHSYV3+vo0OAi4MkArtQcWWXuQoyw=="
    },
    "p-finally": {
      "version": "1.0.0",
      "resolved": "https://registry.npmjs.org/p-finally/-/p-finally-1.0.0.tgz",
      "integrity": "sha1-P7z7FbiZpEEjs0ttzBi3JDNqLK4="
    },
    "p-timeout": {
      "version": "1.2.1",
      "resolved": "https://registry.npmjs.org/p-timeout/-/p-timeout-1.2.1.tgz",
      "integrity": "sha1-XrOzU7f86Z8QGhA4iAuwVOu+o4Y=",
      "requires": {
        "p-finally": "^1.0.0"
      }
    },
    "p-try": {
      "version": "2.2.0",
      "resolved": "https://registry.npmjs.org/p-try/-/p-try-2.2.0.tgz",
      "integrity": "sha512-R4nPAVTAU0B9D35/Gk3uJf/7XYbQcyohSKdvAxIRSNghFl4e71hVoGnBNQz9cWaXxO2I10KTC+3jMdvvoKw6dQ=="
    },
    "picomatch": {
      "version": "2.0.7",
      "resolved": "https://registry.npmjs.org/picomatch/-/picomatch-2.0.7.tgz",
      "integrity": "sha512-oLHIdio3tZ0qH76NybpeneBhYVj0QFTfXEFTc/B3zKQspYfYYkWYgFsmzo+4kvId/bQRcNkVeguI3y+CD22BtA=="
    },
    "pify": {
      "version": "4.0.1",
      "resolved": "https://registry.npmjs.org/pify/-/pify-4.0.1.tgz",
      "integrity": "sha512-uB80kBFb/tfd68bVleG9T5GGsGPjJrLAUpR5PZIrhBnIaRTQRjqdJSsIKkOP6OAIFbj7GOrcudc5pNjZ+geV2g=="
    },
    "prepend-http": {
      "version": "1.0.4",
      "resolved": "https://registry.npmjs.org/prepend-http/-/prepend-http-1.0.4.tgz",
      "integrity": "sha1-1PRWKwzjaW5BrFLQ4ALlemNdxtw="
    },
    "pretty-bytes": {
      "version": "4.0.2",
      "resolved": "https://registry.npmjs.org/pretty-bytes/-/pretty-bytes-4.0.2.tgz",
      "integrity": "sha1-sr+C5zUNZcbDOqlaqlpPYyf2HNk="
    },
    "progress": {
      "version": "2.0.3",
      "resolved": "https://registry.npmjs.org/progress/-/progress-2.0.3.tgz",
      "integrity": "sha512-7PiHtLll5LdnKIMw100I+8xJXR5gW2QwWYkT6iJva0bXitZKa/XMrSbdmg3r2Xnaidz9Qumd0VPaMrZlF9V9sA=="
    },
    "read-chunk": {
      "version": "3.2.0",
      "resolved": "https://registry.npmjs.org/read-chunk/-/read-chunk-3.2.0.tgz",
      "integrity": "sha512-CEjy9LCzhmD7nUpJ1oVOE6s/hBkejlcJEgLQHVnQznOSilOPb+kpKktlLfFDK3/WP43+F80xkUTM2VOkYoSYvQ==",
      "requires": {
        "pify": "^4.0.1",
        "with-open-file": "^0.1.6"
      }
    },
    "readdirp": {
      "version": "3.1.2",
      "resolved": "https://registry.npmjs.org/readdirp/-/readdirp-3.1.2.tgz",
      "integrity": "sha512-8rhl0xs2cxfVsqzreYCvs8EwBfn/DhVdqtoLmw19uI3SC5avYX9teCurlErfpPXGmYtMHReGaP2RsLnFvz/lnw==",
      "requires": {
        "picomatch": "^2.0.4"
      }
    },
    "regenerator-runtime": {
      "version": "0.13.3",
      "resolved": "https://registry.npmjs.org/regenerator-runtime/-/regenerator-runtime-0.13.3.tgz",
      "integrity": "sha512-naKIZz2GQ8JWh///G7L3X6LaQUAMp2lvb1rvwwsURe/VXwD6VMfr+/1NuNw3ag8v2kY1aQ/go5SNn79O9JU7yw=="
    },
    "safe-buffer": {
      "version": "5.2.0",
      "resolved": "https://registry.npmjs.org/safe-buffer/-/safe-buffer-5.2.0.tgz",
      "integrity": "sha512-fZEwUGbVl7kouZs1jCdMLdt95hdIv0ZeHg6L7qPeciMZhZ+/gdesW4wgTARkrFWEpspjEATAzUGPG8N2jJiwbg=="
    },
    "timed-out": {
      "version": "4.0.1",
      "resolved": "https://registry.npmjs.org/timed-out/-/timed-out-4.0.1.tgz",
      "integrity": "sha1-8y6srFoXW+ol1/q1Zas+2HQe9W8="
    },
    "to-regex-range": {
      "version": "5.0.1",
      "resolved": "https://registry.npmjs.org/to-regex-range/-/to-regex-range-5.0.1.tgz",
      "integrity": "sha512-65P7iz6X5yEr1cwcgvQxbbIw7Uk3gOy5dIdtZ4rDveLqhrdJP+Li/Hx6tyK0NEb+2GCyneCMJiGqrADCSNk8sQ==",
      "requires": {
        "is-number": "^7.0.0"
      }
    },
    "universalify": {
      "version": "0.1.2",
      "resolved": "https://registry.npmjs.org/universalify/-/universalify-0.1.2.tgz",
      "integrity": "sha512-rBJeI5CXAlmy1pV+617WB9J63U6XcazHHF2f2dbJix4XzpUF0RS3Zbj0FGIOCAva5P/d/GBOYaACQ1w+0azUkg=="
    },
    "url-parse-lax": {
      "version": "1.0.0",
      "resolved": "https://registry.npmjs.org/url-parse-lax/-/url-parse-lax-1.0.0.tgz",
      "integrity": "sha1-evjzA2Rem9eaJy56FKxovAYJ2nM=",
      "requires": {
        "prepend-http": "^1.0.1"
      }
    },
    "url-to-options": {
      "version": "1.0.1",
      "resolved": "https://registry.npmjs.org/url-to-options/-/url-to-options-1.0.1.tgz",
      "integrity": "sha1-FQWgOiiaSMvXpDTvuu7FBV9WM6k="
    },
    "uuid": {
      "version": "3.3.3",
      "resolved": "https://registry.npmjs.org/uuid/-/uuid-3.3.3.tgz",
      "integrity": "sha512-pW0No1RGHgzlpHJO1nsVrHKpOEIxkGg1xB+v0ZmdNH5OAeAwzAVrCnI2/6Mtx+Uys6iaylxa+D3g4j63IKKjSQ=="
    },
    "valid-url": {
      "version": "1.0.9",
      "resolved": "https://registry.npmjs.org/valid-url/-/valid-url-1.0.9.tgz",
      "integrity": "sha1-HBRHm0DxOXp1eC8RXkCGRHQzogA="
    },
    "with-open-file": {
      "version": "0.1.6",
      "resolved": "https://registry.npmjs.org/with-open-file/-/with-open-file-0.1.6.tgz",
      "integrity": "sha512-SQS05JekbtwQSgCYlBsZn/+m2gpn4zWsqpCYIrCHva0+ojXcnmUEPsBN6Ipoz3vmY/81k5PvYEWSxER2g4BTqA==",
      "requires": {
        "p-finally": "^1.0.0",
        "p-try": "^2.1.0",
        "pify": "^4.0.1"
      }
    },
    "xstate": {
      "version": "3.3.3",
      "resolved": "https://registry.npmjs.org/xstate/-/xstate-3.3.3.tgz",
      "integrity": "sha512-p0ZYDPWxZZZRAJyD3jaGO9/MYioHuxZp6sjcLhPfBZHAprl4EDrZRGDqRVH9VvK8oa6Nrbpf+U5eNmn8KFwO3g=="
    }
  }
}
